
Microsoft Visual Studio Solution File, Format Version 12.00
# Visual Studio Version 17
VisualStudioVersion = 17.9.34714.143
MinimumVisualStudioVersion = 10.0.40219.1
Project("{FAE04EC0-301F-11D3-BF4B-00C04F79EFBC}") = "NotificationSystem", "NotificationSystem.csproj", "{93D23437-8245-4C03-9598-3A527BEF51B1}"
EndProject
Global
	GlobalSection(SolutionConfigurationPlatforms) = preSolution
		Debug|Any CPU = Debug|Any CPU
		Release|Any CPU = Release|Any CPU
	EndGlobalSection
	GlobalSection(ProjectConfigurationPlatforms) = postSolution
		{93D23437-8245-4C03-9598-3A527BEF51B1}.Debug|Any CPU.ActiveCfg = Debug|Any CPU
		{93D23437-8245-4C03-9598-3A527BEF51B1}.Debug|Any CPU.Build.0 = Debug|Any CPU
		{93D23437-8245-4C03-9598-3A527BEF51B1}.Release|Any CPU.ActiveCfg = Release|Any CPU
		{93D23437-8245-4C03-9598-3A527BEF51B1}.Release|Any CPU.Build.0 = Release|Any CPU
	EndGlobalSection
	GlobalSection(SolutionProperties) = preSolution
		HideSolutionNode = FALSE
	EndGlobalSection
	GlobalSection(ExtensibilityGlobals) = postSolution
		SolutionGuid = {21634B7F-B0C4-4585-8278-4D8AA7B3376E}
	EndGlobalSection
EndGlobal
